
Microsoft Visual Studio Solution File, Format Version 12.00
# Visual Studio 2013
VisualStudioVersion = 12.0.31101.0
MinimumVisualStudioVersion = 10.0.40219.1
Project("{FAE04EC0-301F-11D3-BF4B-00C04F79EFBC}") = "ImportData", "ImportData\ImportData.csproj", "{1BCC5106-9D1E-425F-90E9-2C21C1E3AB61}"
EndProject
Project("{FAE04EC0-301F-11D3-BF4B-00C04F79EFBC}") = "TempFoodHandlingCertificates2014", "TempFoodHandlingCertificates2014\TempFoodHandlingCertificates2014.csproj", "{3D97CD21-A59C-405D-B477-9556E52E2DC5}"
EndProject
Global
	GlobalSection(SolutionConfigurationPlatforms) = preSolution
		Debug|Any CPU = Debug|Any CPU
		Release|Any CPU = Release|Any CPU
	EndGlobalSection
	GlobalSection(ProjectConfigurationPlatforms) = postSolution
		{1BCC5106-9D1E-425F-90E9-2C21C1E3AB61}.Debug|Any CPU.ActiveCfg = Debug|Any CPU
		{1BCC5106-9D1E-425F-90E9-2C21C1E3AB61}.Debug|Any CPU.Build.0 = Debug|Any CPU
		{1BCC5106-9D1E-425F-90E9-2C21C1E3AB61}.Release|Any CPU.ActiveCfg = Release|Any CPU
		{1BCC5106-9D1E-425F-90E9-2C21C1E3AB61}.Release|Any CPU.Build.0 = Release|Any CPU
		{3D97CD21-A59C-405D-B477-9556E52E2DC5}.Debug|Any CPU.ActiveCfg = Debug|Any CPU
		{3D97CD21-A59C-405D-B477-9556E52E2DC5}.Debug|Any CPU.Build.0 = Debug|Any CPU
		{3D97CD21-A59C-405D-B477-9556E52E2DC5}.Release|Any CPU.ActiveCfg = Release|Any CPU
		{3D97CD21-A59C-405D-B477-9556E52E2DC5}.Release|Any CPU.Build.0 = Release|Any CPU
	EndGlobalSection
	GlobalSection(SolutionProperties) = preSolution
		HideSolutionNode = FALSE
	EndGlobalSection
EndGlobal
